
Microsoft Visual Studio Solution File, Format Version 12.00
# Visual Studio 15
VisualStudioVersion = 15.0.28010.2046
MinimumVisualStudioVersion = 10.0.40219.1
Project("{8BC9CEB8-8B4A-11D0-8D11-00A0C91BC942}") = "FFmpegEncode", "FFmpegEncode\FFmpegEncode.vcxproj", "{61FB7136-FF2E-44EB-AFFC-6070775047F5}"
EndProject
Project("{8BC9CEB8-8B4A-11D0-8D11-00A0C91BC942}") = "EncodeMJPEG", "EncodeMJPEG\EncodeMJPEG.vcxproj", "{C82DEFD1-73EC-4C23-BAA5-A70EB579EFA5}"
EndProject
Project("{8BC9CEB8-8B4A-11D0-8D11-00A0C91BC942}") = "FFmpeg_try_mjpeg", "FFmpeg_try_mjpeg\FFmpeg_try_mjpeg.vcxproj", "{C331B906-CC00-42DF-83B3-4E0C167FA672}"
EndProject
Project("{8BC9CEB8-8B4A-11D0-8D11-00A0C91BC942}") = "EncodeGREY8", "EncodeGREY8\EncodeGREY8.vcxproj", "{70CF8524-88A4-41FC-AA81-80305ADB28D8}"
EndProject
Project("{8BC9CEB8-8B4A-11D0-8D11-00A0C91BC942}") = "CameraFFmpeg", "CameraFFmpeg\CameraFFmpeg.vcxproj", "{44C610C9-6075-432B-9D35-57B2CB583D62}"
EndProject
Project("{8BC9CEB8-8B4A-11D0-8D11-00A0C91BC942}") = "Encodeh264", "Encodeh264\Encodeh264.vcxproj", "{EB5CA7EF-42A1-4688-9341-A0859EA28221}"
EndProject
Project("{8BC9CEB8-8B4A-11D0-8D11-00A0C91BC942}") = "Encodeh264_all", "Encodeh264_all\Encodeh264_all.vcxproj", "{24FEE1CF-3104-4563-A786-88D4AC257950}"
EndProject
Project("{8BC9CEB8-8B4A-11D0-8D11-00A0C91BC942}") = "JpegtoMjpeg", "JpegtoMjpeg\JpegtoMjpeg.vcxproj", "{78F6F483-E124-4225-9039-CFFD875FA502}"
EndProject
Project("{8BC9CEB8-8B4A-11D0-8D11-00A0C91BC942}") = "EncodeMPEG1", "EncodeMPEG1\EncodeMPEG1.vcxproj", "{4E3AC321-29D5-45DC-A78A-64BBB644A29C}"
EndProject
Global
	GlobalSection(SolutionConfigurationPlatforms) = preSolution
		Debug|x64 = Debug|x64
		Debug|x86 = Debug|x86
		Release|x64 = Release|x64
		Release|x86 = Release|x86
	EndGlobalSection
	GlobalSection(ProjectConfigurationPlatforms) = postSolution
		{61FB7136-FF2E-44EB-AFFC-6070775047F5}.Debug|x64.ActiveCfg = Debug|x64
		{61FB7136-FF2E-44EB-AFFC-6070775047F5}.Debug|x64.Build.0 = Debug|x64
		{61FB7136-FF2E-44EB-AFFC-6070775047F5}.Debug|x86.ActiveCfg = Debug|Win32
		{61FB7136-FF2E-44EB-AFFC-6070775047F5}.Debug|x86.Build.0 = Debug|Win32
		{61FB7136-FF2E-44EB-AFFC-6070775047F5}.Release|x64.ActiveCfg = Release|x64
		{61FB7136-FF2E-44EB-AFFC-6070775047F5}.Release|x64.Build.0 = Release|x64
		{61FB7136-FF2E-44EB-AFFC-6070775047F5}.Release|x86.ActiveCfg = Release|Win32
		{61FB7136-FF2E-44EB-AFFC-6070775047F5}.Release|x86.Build.0 = Release|Win32
		{C82DEFD1-73EC-4C23-BAA5-A70EB579EFA5}.Debug|x64.ActiveCfg = Debug|x64
		{C82DEFD1-73EC-4C23-BAA5-A70EB579EFA5}.Debug|x64.Build.0 = Debug|x64
		{C82DEFD1-73EC-4C23-BAA5-A70EB579EFA5}.Debug|x86.ActiveCfg = Debug|Win32
		{C82DEFD1-73EC-4C23-BAA5-A70EB579EFA5}.Debug|x86.Build.0 = Debug|Win32
		{C82DEFD1-73EC-4C23-BAA5-A70EB579EFA5}.Release|x64.ActiveCfg = Release|x64
		{C82DEFD1-73EC-4C23-BAA5-A70EB579EFA5}.Release|x64.Build.0 = Release|x64
		{C82DEFD1-73EC-4C23-BAA5-A70EB579EFA5}.Release|x86.ActiveCfg = Release|Win32
		{C82DEFD1-73EC-4C23-BAA5-A70EB579EFA5}.Release|x86.Build.0 = Release|Win32
		{C331B906-CC00-42DF-83B3-4E0C167FA672}.Debug|x64.ActiveCfg = Debug|x64
		{C331B906-CC00-42DF-83B3-4E0C167FA672}.Debug|x64.Build.0 = Debug|x64
		{C331B906-CC00-42DF-83B3-4E0C167FA672}.Debug|x86.ActiveCfg = Debug|Win32
		{C331B906-CC00-42DF-83B3-4E0C167FA672}.Debug|x86.Build.0 = Debug|Win32
		{C331B906-CC00-42DF-83B3-4E0C167FA672}.Release|x64.ActiveCfg = Release|x64
		{C331B906-CC00-42DF-83B3-4E0C167FA672}.Release|x64.Build.0 = Release|x64
		{C331B906-CC00-42DF-83B3-4E0C167FA672}.Release|x86.ActiveCfg = Release|Win32
		{C331B906-CC00-42DF-83B3-4E0C167FA672}.Release|x86.Build.0 = Release|Win32
		{70CF8524-88A4-41FC-AA81-80305ADB28D8}.Debug|x64.ActiveCfg = Debug|x64
		{70CF8524-88A4-41FC-AA81-80305ADB28D8}.Debug|x64.Build.0 = Debug|x64
		{70CF8524-88A4-41FC-AA81-80305ADB28D8}.Debug|x86.ActiveCfg = Debug|Win32
		{70CF8524-88A4-41FC-AA81-80305ADB28D8}.Debug|x86.Build.0 = Debug|Win32
		{70CF8524-88A4-41FC-AA81-80305ADB28D8}.Release|x64.ActiveCfg = Release|x64
		{70CF8524-88A4-41FC-AA81-80305ADB28D8}.Release|x64.Build.0 = Release|x64
		{70CF8524-88A4-41FC-AA81-80305ADB28D8}.Release|x86.ActiveCfg = Release|Win32
		{70CF8524-88A4-41FC-AA81-80305ADB28D8}.Release|x86.Build.0 = Release|Win32
		{44C610C9-6075-432B-9D35-57B2CB583D62}.Debug|x64.ActiveCfg = Debug|x64
		{44C610C9-6075-432B-9D35-57B2CB583D62}.Debug|x64.Build.0 = Debug|x64
		{44C610C9-6075-432B-9D35-57B2CB583D62}.Debug|x86.ActiveCfg = Debug|Win32
		{44C610C9-6075-432B-9D35-57B2CB583D62}.Debug|x86.Build.0 = Debug|Win32
		{44C610C9-6075-432B-9D35-57B2CB583D62}.Release|x64.ActiveCfg = Release|x64
		{44C610C9-6075-432B-9D35-57B2CB583D62}.Release|x64.Build.0 = Release|x64
		{44C610C9-6075-432B-9D35-57B2CB583D62}.Release|x86.ActiveCfg = Release|Win32
		{44C610C9-6075-432B-9D35-57B2CB583D62}.Release|x86.Build.0 = Release|Win32
		{EB5CA7EF-42A1-4688-9341-A0859EA28221}.Debug|x64.ActiveCfg = Debug|x64
		{EB5CA7EF-42A1-4688-9341-A0859EA28221}.Debug|x64.Build.0 = Debug|x64
		{EB5CA7EF-42A1-4688-9341-A0859EA28221}.Debug|x86.ActiveCfg = Debug|Win32
		{EB5CA7EF-42A1-4688-9341-A0859EA28221}.Debug|x86.Build.0 = Debug|Win32
		{EB5CA7EF-42A1-4688-9341-A0859EA28221}.Release|x64.ActiveCfg = Release|x64
		{EB5CA7EF-42A1-4688-9341-A0859EA28221}.Release|x64.Build.0 = Release|x64
		{EB5CA7EF-42A1-4688-9341-A0859EA28221}.Release|x86.ActiveCfg = Release|Win32
		{EB5CA7EF-42A1-4688-9341-A0859EA28221}.Release|x86.Build.0 = Release|Win32
		{24FEE1CF-3104-4563-A786-88D4AC257950}.Debug|x64.ActiveCfg = Debug|x64
		{24FEE1CF-3104-4563-A786-88D4AC257950}.Debug|x64.Build.0 = Debug|x64
		{24FEE1CF-3104-4563-A786-88D4AC257950}.Debug|x86.ActiveCfg = Debug|Win32
		{24FEE1CF-3104-4563-A786-88D4AC257950}.Debug|x86.Build.0 = Debug|Win32
		{24FEE1CF-3104-4563-A786-88D4AC257950}.Release|x64.ActiveCfg = Release|x64
		{24FEE1CF-3104-4563-A786-88D4AC257950}.Release|x64.Build.0 = Release|x64
		{24FEE1CF-3104-4563-A786-88D4AC257950}.Release|x86.ActiveCfg = Release|Win32
		{24FEE1CF-3104-4563-A786-88D4AC257950}.Release|x86.Build.0 = Release|Win32
		{78F6F483-E124-4225-9039-CFFD875FA502}.Debug|x64.ActiveCfg = Debug|x64
		{78F6F483-E124-4225-9039-CFFD875FA502}.Debug|x64.Build.0 = Debug|x64
		{78F6F483-E124-4225-9039-CFFD875FA502}.Debug|x86.ActiveCfg = Debug|Win32
		{78F6F483-E124-4225-9039-CFFD875FA502}.Debug|x86.Build.0 = Debug|Win32
		{78F6F483-E124-4225-9039-CFFD875FA502}.Release|x64.ActiveCfg = Release|x64
		{78F6F483-E124-4225-9039-CFFD875FA502}.Release|x64.Build.0 = Release|x64
		{78F6F483-E124-4225-9039-CFFD875FA502}.Release|x86.ActiveCfg = Release|Win32
		{78F6F483-E124-4225-9039-CFFD875FA502}.Release|x86.Build.0 = Release|Win32
		{4E3AC321-29D5-45DC-A78A-64BBB644A29C}.Debug|x64.ActiveCfg = Debug|x64
		{4E3AC321-29D5-45DC-A78A-64BBB644A29C}.Debug|x64.Build.0 = Debug|x64
		{4E3AC321-29D5-45DC-A78A-64BBB644A29C}.Debug|x86.ActiveCfg = Debug|Win32
		{4E3AC321-29D5-45DC-A78A-64BBB644A29C}.Debug|x86.Build.0 = Debug|Win32
		{4E3AC321-29D5-45DC-A78A-64BBB644A29C}.Release|x64.ActiveCfg = Release|x64
		{4E3AC321-29D5-45DC-A78A-64BBB644A29C}.Release|x64.Build.0 = Release|x64
		{4E3AC321-29D5-45DC-A78A-64BBB644A29C}.Release|x86.ActiveCfg = Release|Win32
		{4E3AC321-29D5-45DC-A78A-64BBB644A29C}.Release|x86.Build.0 = Release|Win32
	EndGlobalSection
	GlobalSection(SolutionProperties) = preSolution
		HideSolutionNode = FALSE
	EndGlobalSection
	GlobalSection(ExtensibilityGlobals) = postSolution
		SolutionGuid = {556E9060-9A56-4055-B61B-0CE0B753ADEE}
	EndGlobalSection
EndGlobal
